<?xml version="1.0" encoding="utf-8"?>
<Project ToolsVersion="4.0" xmlns="http://schemas.microsoft.com/developer/msbuild/2003">
  <ItemGroup>
    <Filter Include="Source Files">
      <UniqueIdentifier>{4FC737F1-C7A5-4376-A066-2A32D752A2FF}</UniqueIdentifier>
      <Extensions>cpp;c;cc;cxx;c++;cppm;ixx;def;odl;idl;hpj;bat;asm;asmx</Extensions>
    </Filter>
    <Filter Include="Header Files">
      <UniqueIdentifier>{93995380-89BD-4b04-88EB-625FBE52EBFB}</UniqueIdentifier>
      <Extensions>h;hh;hpp;hxx;h++;hm;inl;inc;ipp;xsd</Extensions>
    </Filter>
    <Filter Include="Resource Files">
      <UniqueIdentifier>{67DA6AB6-F800-4c08-8B7A-83BB121AAD01}</UniqueIdentifier>
      <Extensions>rc;ico;cur;bmp;dlg;rc2;rct;bin;rgs;gif;jpg;jpeg;jpe;resx;tiff;tif;png;wav;mfcribbon-ms</Extensions>
    </Filter>
  </ItemGroup>
  <ItemGroup>
    <ClInclude Include="framework.h">
      <Filter>Header Files</Filter>
    </ClInclude>
    <ClInclude Include="pch.h">
      <Filter>Header Files</Filter>
    </ClInclude>
    <ClInclude Include="commons.h">
      <Filter>Header Files</Filter>
    </ClInclude>
    <ClInclude Include="configTools.h">
      <Filter>Header Files</Filter>
    </ClInclude>
    <ClInclude Include="convert.h">
      <Filter>Header Files</Filter>
    </ClInclude>
    <ClInclude Include="DD7Draw.h">
      <Filter>Header Files</Filter>
    </ClInclude>
    <ClInclude Include="Dx9.h">
      <Filter>Header Files</Filter>
    </ClInclude>
    <ClInclude Include="Dx9Enhanced.h">
      <Filter>Header Files</Filter>
    </ClInclude>
    <ClInclude Include="F_Art.h">
      <Filter>Header Files</Filter>
    </ClInclude>
    <ClInclude Include="F_Controls.h">
      <Filter>Header Files</Filter>
    </ClInclude>
    <ClInclude Include="F_File.h">
      <Filter>Header Files</Filter>
    </ClInclude>
    <ClInclude Include="F_Mapper.h">
      <Filter>Header Files</Filter>
    </ClInclude>
    <ClInclude Include="F_Msg.h">
      <Filter>Header Files</Filter>
    </ClInclude>
    <ClInclude Include="F_Objects.h">
      <Filter>Header Files</Filter>
    </ClInclude>
    <ClInclude Include="F_Scripts.h">
      <Filter>Header Files</Filter>
    </ClInclude>
    <ClInclude Include="F_Text.h">
      <Filter>Header Files</Filter>
    </ClInclude>
    <ClInclude Include="F_Windows.h">
      <Filter>Header Files</Filter>
    </ClInclude>
    <ClInclude Include="fixes.h">
      <Filter>Header Files</Filter>
    </ClInclude>
    <ClInclude Include="get_reslist.h">
      <Filter>Header Files</Filter>
    </ClInclude>
    <ClInclude Include="Graphics.h">
      <Filter>Header Files</Filter>
    </ClInclude>
    <ClInclude Include="memwrite.h">
      <Filter>Header Files</Filter>
    </ClInclude>
    <ClInclude Include="version.h">
      <Filter>Header Files</Filter>
    </ClInclude>
    <ClInclude Include="WinFall.h">
      <Filter>Header Files</Filter>
    </ClInclude>
  </ItemGroup>
  <ItemGroup>
    <ClCompile Include="dllmain.cpp">
      <Filter>Source Files</Filter>
    </ClCompile>
    <ClCompile Include="pch.cpp">
      <Filter>Source Files</Filter>
    </ClCompile>
    <ClCompile Include="commons.cpp">
      <Filter>Source Files</Filter>
    </ClCompile>
    <ClCompile Include="configTools.cpp">
      <Filter>Source Files</Filter>
    </ClCompile>
    <ClCompile Include="convert.cpp">
      <Filter>Source Files</Filter>
    </ClCompile>
    <ClCompile Include="DD7Draw.cpp">
      <Filter>Source Files</Filter>
    </ClCompile>
    <ClCompile Include="fixes_game_scrn_Dx9Enhanced.cpp">
      <Filter>Source Files</Filter>
    </ClCompile>
    <ClCompile Include="Dx9Draw.cpp">
      <Filter>Source Files</Filter>
    </ClCompile>
    <ClCompile Include="Dx9EnhancedDraw.cpp">
      <Filter>Source Files</Filter>
    </ClCompile>
    <ClCompile Include="F_Art.cpp">
      <Filter>Source Files</Filter>
    </ClCompile>
    <ClCompile Include="F_Controls.cpp">
      <Filter>Source Files</Filter>
    </ClCompile>
    <ClCompile Include="F_File.cpp">
      <Filter>Source Files</Filter>
    </ClCompile>
    <ClCompile Include="F_Mapper.cpp">
      <Filter>Source Files</Filter>
    </ClCompile>
    <ClCompile Include="F_Msg.cpp">
      <Filter>Source Files</Filter>
    </ClCompile>
    <ClCompile Include="F_Objects.cpp">
      <Filter>Source Files</Filter>
    </ClCompile>
    <ClCompile Include="F_Scripts.cpp">
      <Filter>Source Files</Filter>
    </ClCompile>
    <ClCompile Include="F_Text.cpp">
      <Filter>Source Files</Filter>
    </ClCompile>
    <ClCompile Include="F_Windows.cpp">
      <Filter>Source Files</Filter>
    </ClCompile>
    <ClCompile Include="fixes_char.cpp">
      <Filter>Source Files</Filter>
    </ClCompile>
    <ClCompile Include="fixes_credits.cpp">
      <Filter>Source Files</Filter>
    </ClCompile>
    <ClCompile Include="fixes_death.cpp">
      <Filter>Source Files</Filter>
    </ClCompile>
    <ClCompile Include="fixes_dialog.cpp">
      <Filter>Source Files</Filter>
    </ClCompile>
    <ClCompile Include="fixes_end_slides.cpp">
      <Filter>Source Files</Filter>
    </ClCompile>
    <ClCompile Include="fixes_game_scrn.cpp">
      <Filter>Source Files</Filter>
    </ClCompile>
    <ClCompile Include="fixes_help.cpp">
      <Filter>Source Files</Filter>
    </ClCompile>
    <ClCompile Include="fixes_iface.cpp">
      <Filter>Source Files</Filter>
    </ClCompile>
    <ClCompile Include="fixes_load_save.cpp">
      <Filter>Source Files</Filter>
    </ClCompile>
    <ClCompile Include="fixes_mainmenu.cpp">
      <Filter>Source Files</Filter>
    </ClCompile>
    <ClCompile Include="fixes_maps.cpp">
      <Filter>Source Files</Filter>
    </ClCompile>
    <ClCompile Include="fixes_movies.cpp">
      <Filter>Source Files</Filter>
    </ClCompile>
    <ClCompile Include="fixes_options.cpp">
      <Filter>Source Files</Filter>
    </ClCompile>
    <ClCompile Include="fixes_other.cpp">
      <Filter>Source Files</Filter>
    </ClCompile>
    <ClCompile Include="fixes_pause.cpp">
      <Filter>Source Files</Filter>
    </ClCompile>
    <ClCompile Include="fixes_pipboy.cpp">
      <Filter>Source Files</Filter>
    </ClCompile>
    <ClCompile Include="fixes_splash.cpp">
      <Filter>Source Files</Filter>
    </ClCompile>
    <ClCompile Include="fixes_win_general.cpp">
      <Filter>Source Files</Filter>
    </ClCompile>
    <ClCompile Include="fixes_worldmap.cpp">
      <Filter>Source Files</Filter>
    </ClCompile>
    <ClCompile Include="get_reslist.cpp">
      <Filter>Source Files</Filter>
    </ClCompile>
    <ClCompile Include="HiResSetupWin.cpp">
      <Filter>Source Files</Filter>
    </ClCompile>
    <ClCompile Include="memwrite.cpp">
      <Filter>Source Files</Filter>
    </ClCompile>
    <ClCompile Include="WinFall.cpp">
      <Filter>Source Files</Filter>
    </ClCompile>
  </ItemGroup>
  <ItemGroup>
    <FxCompile Include="shaderPal.fx" />
  </ItemGroup>
  <ItemGroup>
    <ResourceCompile Include="version.rc">
      <Filter>Resource Files</Filter>
    </ResourceCompile>
  </ItemGroup>
</Project>